
Microsoft Visual Studio Solution File, Format Version 12.00
# Visual Studio 2012
Project("{8BC9CEB8-8B4A-11D0-8D11-00A0C91BC942}") = "Lads_Forsce", "Lads_Forsce\Lads_Forsce.vcxproj", "{A226D494-BBEE-4A03-A690-25961E0C7EAD}"
EndProject
Project("{6141683F-8A12-4E36-9623-2EB02B2C2303}") = "launchChange0.1", "launchChange0.1\launchChange0.1.isproj", "{D8C2A041-9E5A-471A-BAB7-CA12389929AF}"
EndProject
Global
	GlobalSection(SolutionConfigurationPlatforms) = preSolution
		CD_ROM|Win32 = CD_ROM|Win32
		Debug|Win32 = Debug|Win32
		DVD-5|Win32 = DVD-5|Win32
		Release|Win32 = Release|Win32
		SingleImage|Win32 = SingleImage|Win32
	EndGlobalSection
	GlobalSection(ProjectConfigurationPlatforms) = postSolution
		{A226D494-BBEE-4A03-A690-25961E0C7EAD}.CD_ROM|Win32.ActiveCfg = Release|Win32
		{A226D494-BBEE-4A03-A690-25961E0C7EAD}.CD_ROM|Win32.Build.0 = Release|Win32
		{A226D494-BBEE-4A03-A690-25961E0C7EAD}.Debug|Win32.ActiveCfg = Debug|Win32
		{A226D494-BBEE-4A03-A690-25961E0C7EAD}.Debug|Win32.Build.0 = Debug|Win32
		{A226D494-BBEE-4A03-A690-25961E0C7EAD}.DVD-5|Win32.ActiveCfg = Debug|Win32
		{A226D494-BBEE-4A03-A690-25961E0C7EAD}.DVD-5|Win32.Build.0 = Debug|Win32
		{A226D494-BBEE-4A03-A690-25961E0C7EAD}.Release|Win32.ActiveCfg = Release|Win32
		{A226D494-BBEE-4A03-A690-25961E0C7EAD}.Release|Win32.Build.0 = Release|Win32
		{A226D494-BBEE-4A03-A690-25961E0C7EAD}.SingleImage|Win32.ActiveCfg = Release|Win32
		{A226D494-BBEE-4A03-A690-25961E0C7EAD}.SingleImage|Win32.Build.0 = Release|Win32
		{D8C2A041-9E5A-471A-BAB7-CA12389929AF}.CD_ROM|Win32.ActiveCfg = CD_ROM
		{D8C2A041-9E5A-471A-BAB7-CA12389929AF}.CD_ROM|Win32.Build.0 = CD_ROM
		{D8C2A041-9E5A-471A-BAB7-CA12389929AF}.Debug|Win32.ActiveCfg = DVD-5
		{D8C2A041-9E5A-471A-BAB7-CA12389929AF}.Debug|Win32.Build.0 = DVD-5
		{D8C2A041-9E5A-471A-BAB7-CA12389929AF}.DVD-5|Win32.ActiveCfg = DVD-5
		{D8C2A041-9E5A-471A-BAB7-CA12389929AF}.DVD-5|Win32.Build.0 = DVD-5
		{D8C2A041-9E5A-471A-BAB7-CA12389929AF}.Release|Win32.ActiveCfg = SingleImage
		{D8C2A041-9E5A-471A-BAB7-CA12389929AF}.Release|Win32.Build.0 = SingleImage
		{D8C2A041-9E5A-471A-BAB7-CA12389929AF}.SingleImage|Win32.ActiveCfg = SingleImage
		{D8C2A041-9E5A-471A-BAB7-CA12389929AF}.SingleImage|Win32.Build.0 = SingleImage
	EndGlobalSection
	GlobalSection(SolutionProperties) = preSolution
		HideSolutionNode = FALSE
	EndGlobalSection
	GlobalSection(Performance) = preSolution
		HasPerformanceSessions = true
	EndGlobalSection
EndGlobal
